// !$*UTF8*$!
{
	archiveVersion = 1;
	classes = {
	};
	objectVersion = 46;
	objects = {

/* Begin PBXBuildFile section */
		5B2666FD1C1C6A92008F5CB8 /* Accessors.cpp in Sources */ = {isa = PBXBuildFile; fileRef = 5B2666BD1C1C6A92008F5CB8 /* Accessors.cpp */; };
		5B2666FE1C1C6A92008F5CB8 /* Async.cpp in Sources */ = {isa = PBXBuildFile; fileRef = 5B2666BE1C1C6A92008F5CB8 /* Async.cpp */; };
		5B2666FF1C1C6A92008F5CB8 /* Async.h in Headers */ = {isa = PBXBuildFile; fileRef = 5B2666BF1C1C6A92008F5CB8 /* Async.h */; };
		5B2667001C1C6A92008F5CB8 /* Command.cpp in Sources */ = {isa = PBXBuildFile; fileRef = 5B2666C01C1C6A92008F5CB8 /* Command.cpp */; };
		5B2667011C1C6A92008F5CB8 /* Compatibility.cpp in Sources */ = {isa = PBXBuildFile; fileRef = 5B2666C11C1C6A92008F5CB8 /* Compatibility.cpp */; };
		5B2667021C1C6A92008F5CB8 /* Compatibility.h in Headers */ = {isa = PBXBuildFile; fileRef = 5B2666C21C1C6A92008F5CB8 /* Compatibility.h */; };
		5B2667031C1C6A92008F5CB8 /* Completer.cpp in Sources */ = {isa = PBXBuildFile; fileRef = 5B2666C31C1C6A92008F5CB8 /* Completer.cpp */; };
		5B2667041C1C6A92008F5CB8 /* Completer.h in Headers */ = {isa = PBXBuildFile; fileRef = 5B2666C41C1C6A92008F5CB8 /* Completer.h */; };
		5B2667051C1C6A92008F5CB8 /* Diagnostics.cpp in Sources */ = {isa = PBXBuildFile; fileRef = 5B2666C51C1C6A92008F5CB8 /* Diagnostics.cpp */; };
		5B2667061C1C6A92008F5CB8 /* Endpoints.cpp in Sources */ = {isa = PBXBuildFile; fileRef = 5B2666C61C1C6A92008F5CB8 /* Endpoints.cpp */; };
		5B2667081C1C6A92008F5CB8 /* GenericUSBXHCI.cpp in Sources */ = {isa = PBXBuildFile; fileRef = 5B2666C81C1C6A92008F5CB8 /* GenericUSBXHCI.cpp */; };
		5B2667091C1C6A92008F5CB8 /* GenericUSBXHCI.h in Headers */ = {isa = PBXBuildFile; fileRef = 5B2666C91C1C6A92008F5CB8 /* GenericUSBXHCI.h */; };
		5B26670A1C1C6A92008F5CB8 /* GenericUSBXHCIEventSource.cpp in Sources */ = {isa = PBXBuildFile; fileRef = 5B2666CA1C1C6A92008F5CB8 /* GenericUSBXHCIEventSource.cpp */; };
		5B26670B1C1C6A92008F5CB8 /* GenericUSBXHCIUserClient.cpp in Sources */ = {isa = PBXBuildFile; fileRef = 5B2666CB1C1C6A92008F5CB8 /* GenericUSBXHCIUserClient.cpp */; };
		5B26670C1C1C6A92008F5CB8 /* GenericUSBXHCIUserClient.h in Headers */ = {isa = PBXBuildFile; fileRef = 5B2666CC1C1C6A92008F5CB8 /* GenericUSBXHCIUserClient.h */; };
		5B26670D1C1C6A92008F5CB8 /* Interrupts.cpp in Sources */ = {isa = PBXBuildFile; fileRef = 5B2666CD1C1C6A92008F5CB8 /* Interrupts.cpp */; };
		5B2667241C1C6A92008F5CB8 /* Isoch.cpp in Sources */ = {isa = PBXBuildFile; fileRef = 5B2666E41C1C6A92008F5CB8 /* Isoch.cpp */; };
		5B2667251C1C6A92008F5CB8 /* Isoch.h in Headers */ = {isa = PBXBuildFile; fileRef = 5B2666E51C1C6A92008F5CB8 /* Isoch.h */; };
		5B2667261C1C6A92008F5CB8 /* Leaf_Methods.cpp in Sources */ = {isa = PBXBuildFile; fileRef = 5B2666E61C1C6A92008F5CB8 /* Leaf_Methods.cpp */; };
		5B2667271C1C6A92008F5CB8 /* Private.h in Headers */ = {isa = PBXBuildFile; fileRef = 5B2666E71C1C6A92008F5CB8 /* Private.h */; };
		5B2667281C1C6A92008F5CB8 /* PwrMgmt.cpp in Sources */ = {isa = PBXBuildFile; fileRef = 5B2666E81C1C6A92008F5CB8 /* PwrMgmt.cpp */; };
		5B2667291C1C6A92008F5CB8 /* Rings.cpp in Sources */ = {isa = PBXBuildFile; fileRef = 5B2666E91C1C6A92008F5CB8 /* Rings.cpp */; };
		5B26672A1C1C6A92008F5CB8 /* RootHub.cpp in Sources */ = {isa = PBXBuildFile; fileRef = 5B2666EA1C1C6A92008F5CB8 /* RootHub.cpp */; };
		5B26672B1C1C6A92008F5CB8 /* Slots.cpp in Sources */ = {isa = PBXBuildFile; fileRef = 5B2666EB1C1C6A92008F5CB8 /* Slots.cpp */; };
		5B26672C1C1C6A92008F5CB8 /* Streams.cpp in Sources */ = {isa = PBXBuildFile; fileRef = 5B2666EC1C1C6A92008F5CB8 /* Streams.cpp */; };
		5B26672D1C1C6A92008F5CB8 /* Transfers.cpp in Sources */ = {isa = PBXBuildFile; fileRef = 5B2666ED1C1C6A92008F5CB8 /* Transfers.cpp */; };
		5B26672E1C1C6A92008F5CB8 /* UnXHCI.cpp in Sources */ = {isa = PBXBuildFile; fileRef = 5B2666EE1C1C6A92008F5CB8 /* UnXHCI.cpp */; };
		5B2667321C1C6A92008F5CB8 /* V1Overrides.cpp in Sources */ = {isa = PBXBuildFile; fileRef = 5B2666F21C1C6A92008F5CB8 /* V1Overrides.cpp */; };
		5B2667331C1C6A92008F5CB8 /* V1Pure.cpp in Sources */ = {isa = PBXBuildFile; fileRef = 5B2666F31C1C6A92008F5CB8 /* V1Pure.cpp */; };
		5B2667341C1C6A92008F5CB8 /* V2Overrides.cpp in Sources */ = {isa = PBXBuildFile; fileRef = 5B2666F41C1C6A92008F5CB8 /* V2Overrides.cpp */; };
		5B2667351C1C6A92008F5CB8 /* V2Pure.cpp in Sources */ = {isa = PBXBuildFile; fileRef = 5B2666F51C1C6A92008F5CB8 /* V2Pure.cpp */; };
		5B2667361C1C6A92008F5CB8 /* V3Overrides.cpp in Sources */ = {isa = PBXBuildFile; fileRef = 5B2666F61C1C6A92008F5CB8 /* V3Overrides.cpp */; };
		5B2667371C1C6A92008F5CB8 /* V3Pure.cpp in Sources */ = {isa = PBXBuildFile; fileRef = 5B2666F71C1C6A92008F5CB8 /* V3Pure.cpp */; };
		5B26673A1C1C6A92008F5CB8 /* XHCIRegs.h in Headers */ = {isa = PBXBuildFile; fileRef = 5B2666FA1C1C6A92008F5CB8 /* XHCIRegs.h */; };
		5B26673B1C1C6A92008F5CB8 /* XHCITRB.h in Headers */ = {isa = PBXBuildFile; fileRef = 5B2666FB1C1C6A92008F5CB8 /* XHCITRB.h */; };
		5B26673C1C1C6A92008F5CB8 /* XHCITypes.h in Headers */ = {isa = PBXBuildFile; fileRef = 5B2666FC1C1C6A92008F5CB8 /* XHCITypes.h */; };
		5B3C26011C1CE604008F5CB8 /* IOKit-10.9 in Resources */ = {isa = PBXBuildFile; fileRef = 5B3C26001C1CE604008F5CB8 /* IOKit-10.9 */; };
/* End PBXBuildFile section */

/* Begin PBXFileReference section */
		5B2666BD1C1C6A92008F5CB8 /* Accessors.cpp */ = {isa = PBXFileReference; fileEncoding = 4; lastKnownFileType = sourcecode.cpp.cpp; path = Accessors.cpp; sourceTree = "<group>"; };
		5B2666BE1C1C6A92008F5CB8 /* Async.cpp */ = {isa = PBXFileReference; fileEncoding = 4; lastKnownFileType = sourcecode.cpp.cpp; path = Async.cpp; sourceTree = "<group>"; };
		5B2666BF1C1C6A92008F5CB8 /* Async.h */ = {isa = PBXFileReference; fileEncoding = 4; lastKnownFileType = sourcecode.c.h; path = Async.h; sourceTree = "<group>"; };
		5B2666C01C1C6A92008F5CB8 /* Command.cpp */ = {isa = PBXFileReference; fileEncoding = 4; lastKnownFileType = sourcecode.cpp.cpp; path = Command.cpp; sourceTree = "<group>"; };
		5B2666C11C1C6A92008F5CB8 /* Compatibility.cpp */ = {isa = PBXFileReference; fileEncoding = 4; lastKnownFileType = sourcecode.cpp.cpp; path = Compatibility.cpp; sourceTree = "<group>"; };
		5B2666C21C1C6A92008F5CB8 /* Compatibility.h */ = {isa = PBXFileReference; fileEncoding = 4; lastKnownFileType = sourcecode.c.h; path = Compatibility.h; sourceTree = "<group>"; };
		5B2666C31C1C6A92008F5CB8 /* Completer.cpp */ = {isa = PBXFileReference; fileEncoding = 4; lastKnownFileType = sourcecode.cpp.cpp; path = Completer.cpp; sourceTree = "<group>"; };
		5B2666C41C1C6A92008F5CB8 /* Completer.h */ = {isa = PBXFileReference; fileEncoding = 4; lastKnownFileType = sourcecode.c.h; path = Completer.h; sourceTree = "<group>"; };
		5B2666C51C1C6A92008F5CB8 /* Diagnostics.cpp */ = {isa = PBXFileReference; fileEncoding = 4; lastKnownFileType = sourcecode.cpp.cpp; path = Diagnostics.cpp; sourceTree = "<group>"; };
		5B2666C61C1C6A92008F5CB8 /* Endpoints.cpp */ = {isa = PBXFileReference; fileEncoding = 4; lastKnownFileType = sourcecode.cpp.cpp; path = Endpoints.cpp; sourceTree = "<group>"; };
		5B2666C81C1C6A92008F5CB8 /* GenericUSBXHCI.cpp */ = {isa = PBXFileReference; fileEncoding = 4; lastKnownFileType = sourcecode.cpp.cpp; path = GenericUSBXHCI.cpp; sourceTree = "<group>"; };
		5B2666C91C1C6A92008F5CB8 /* GenericUSBXHCI.h */ = {isa = PBXFileReference; fileEncoding = 4; lastKnownFileType = sourcecode.c.h; path = GenericUSBXHCI.h; sourceTree = "<group>"; };
		5B2666CA1C1C6A92008F5CB8 /* GenericUSBXHCIEventSource.cpp */ = {isa = PBXFileReference; fileEncoding = 4; lastKnownFileType = sourcecode.cpp.cpp; path = GenericUSBXHCIEventSource.cpp; sourceTree = "<group>"; };
		5B2666CB1C1C6A92008F5CB8 /* GenericUSBXHCIUserClient.cpp */ = {isa = PBXFileReference; fileEncoding = 4; lastKnownFileType = sourcecode.cpp.cpp; path = GenericUSBXHCIUserClient.cpp; sourceTree = "<group>"; };
		5B2666CC1C1C6A92008F5CB8 /* GenericUSBXHCIUserClient.h */ = {isa = PBXFileReference; fileEncoding = 4; lastKnownFileType = sourcecode.c.h; path = GenericUSBXHCIUserClient.h; sourceTree = "<group>"; };
		5B2666CD1C1C6A92008F5CB8 /* Interrupts.cpp */ = {isa = PBXFileReference; fileEncoding = 4; lastKnownFileType = sourcecode.cpp.cpp; path = Interrupts.cpp; sourceTree = "<group>"; };
		5B2666E41C1C6A92008F5CB8 /* Isoch.cpp */ = {isa = PBXFileReference; fileEncoding = 4; lastKnownFileType = sourcecode.cpp.cpp; path = Isoch.cpp; sourceTree = "<group>"; };
		5B2666E51C1C6A92008F5CB8 /* Isoch.h */ = {isa = PBXFileReference; fileEncoding = 4; lastKnownFileType = sourcecode.c.h; path = Isoch.h; sourceTree = "<group>"; };
		5B2666E61C1C6A92008F5CB8 /* Leaf_Methods.cpp */ = {isa = PBXFileReference; fileEncoding = 4; lastKnownFileType = sourcecode.cpp.cpp; path = Leaf_Methods.cpp; sourceTree = "<group>"; };
		5B2666E71C1C6A92008F5CB8 /* Private.h */ = {isa = PBXFileReference; fileEncoding = 4; lastKnownFileType = sourcecode.c.h; path = Private.h; sourceTree = "<group>"; };
		5B2666E81C1C6A92008F5CB8 /* PwrMgmt.cpp */ = {isa = PBXFileReference; fileEncoding = 4; lastKnownFileType = sourcecode.cpp.cpp; path = PwrMgmt.cpp; sourceTree = "<group>"; };
		5B2666E91C1C6A92008F5CB8 /* Rings.cpp */ = {isa = PBXFileReference; fileEncoding = 4; lastKnownFileType = sourcecode.cpp.cpp; path = Rings.cpp; sourceTree = "<group>"; };
		5B2666EA1C1C6A92008F5CB8 /* RootHub.cpp */ = {isa = PBXFileReference; fileEncoding = 4; lastKnownFileType = sourcecode.cpp.cpp; path = RootHub.cpp; sourceTree = "<group>"; };
		5B2666EB1C1C6A92008F5CB8 /* Slots.cpp */ = {isa = PBXFileReference; fileEncoding = 4; lastKnownFileType = sourcecode.cpp.cpp; path = Slots.cpp; sourceTree = "<group>"; };
		5B2666EC1C1C6A92008F5CB8 /* Streams.cpp */ = {isa = PBXFileReference; fileEncoding = 4; lastKnownFileType = sourcecode.cpp.cpp; path = Streams.cpp; sourceTree = "<group>"; };
		5B2666ED1C1C6A92008F5CB8 /* Transfers.cpp */ = {isa = PBXFileReference; fileEncoding = 4; lastKnownFileType = sourcecode.cpp.cpp; path = Transfers.cpp; sourceTree = "<group>"; };
		5B2666EE1C1C6A92008F5CB8 /* UnXHCI.cpp */ = {isa = PBXFileReference; fileEncoding = 4; lastKnownFileType = sourcecode.cpp.cpp; path = UnXHCI.cpp; sourceTree = "<group>"; };
		5B2666F21C1C6A92008F5CB8 /* V1Overrides.cpp */ = {isa = PBXFileReference; fileEncoding = 4; lastKnownFileType = sourcecode.cpp.cpp; path = V1Overrides.cpp; sourceTree = "<group>"; };
		5B2666F31C1C6A92008F5CB8 /* V1Pure.cpp */ = {isa = PBXFileReference; fileEncoding = 4; lastKnownFileType = sourcecode.cpp.cpp; path = V1Pure.cpp; sourceTree = "<group>"; };
		5B2666F41C1C6A92008F5CB8 /* V2Overrides.cpp */ = {isa = PBXFileReference; fileEncoding = 4; lastKnownFileType = sourcecode.cpp.cpp; path = V2Overrides.cpp; sourceTree = "<group>"; };
		5B2666F51C1C6A92008F5CB8 /* V2Pure.cpp */ = {isa = PBXFileReference; fileEncoding = 4; lastKnownFileType = sourcecode.cpp.cpp; path = V2Pure.cpp; sourceTree = "<group>"; };
		5B2666F61C1C6A92008F5CB8 /* V3Overrides.cpp */ = {isa = PBXFileReference; fileEncoding = 4; lastKnownFileType = sourcecode.cpp.cpp; path = V3Overrides.cpp; sourceTree = "<group>"; };
		5B2666F71C1C6A92008F5CB8 /* V3Pure.cpp */ = {isa = PBXFileReference; fileEncoding = 4; lastKnownFileType = sourcecode.cpp.cpp; path = V3Pure.cpp; sourceTree = "<group>"; };
		5B2666FA1C1C6A92008F5CB8 /* XHCIRegs.h */ = {isa = PBXFileReference; fileEncoding = 4; lastKnownFileType = sourcecode.c.h; path = XHCIRegs.h; sourceTree = "<group>"; };
		5B2666FB1C1C6A92008F5CB8 /* XHCITRB.h */ = {isa = PBXFileReference; fileEncoding = 4; lastKnownFileType = sourcecode.c.h; path = XHCITRB.h; sourceTree = "<group>"; };
		5B2666FC1C1C6A92008F5CB8 /* XHCITypes.h */ = {isa = PBXFileReference; fileEncoding = 4; lastKnownFileType = sourcecode.c.h; path = XHCITypes.h; sourceTree = "<group>"; };
		5B3C26001C1CE604008F5CB8 /* IOKit-10.9 */ = {isa = PBXFileReference; lastKnownFileType = folder; path = "IOKit-10.9"; sourceTree = "<group>"; };
		E5D81FF2166F8ABF0075A356 /* GenericUSBXHCI.kext */ = {isa = PBXFileReference; explicitFileType = wrapper.cfbundle; includeInIndex = 0; path = GenericUSBXHCI.kext; sourceTree = BUILT_PRODUCTS_DIR; };
		E5D81FF6166F8ABF0075A356 /* Kernel.framework */ = {isa = PBXFileReference; lastKnownFileType = wrapper.framework; name = Kernel.framework; path = System/Library/Frameworks/Kernel.framework; sourceTree = SDKROOT; };
		E5D81FF9166F8ABF0075A356 /* GenericUSBXHCI-Info.plist */ = {isa = PBXFileReference; lastKnownFileType = text.plist.xml; path = "GenericUSBXHCI-Info.plist"; sourceTree = "<group>"; };
/* End PBXFileReference section */

/* Begin PBXFrameworksBuildPhase section */
		E5D81FED166F8ABF0075A356 /* Frameworks */ = {
			isa = PBXFrameworksBuildPhase;
			buildActionMask = 2147483647;
			files = (
			);
			runOnlyForDeploymentPostprocessing = 0;
		};
/* End PBXFrameworksBuildPhase section */

/* Begin PBXGroup section */
		E5D81FE5166F8ABF0075A356 = {
			isa = PBXGroup;
			children = (
				E5D81FF7166F8ABF0075A356 /* GenericUSBXHCI */,
				E5D81FF4166F8ABF0075A356 /* Frameworks */,
				E5D81FF3166F8ABF0075A356 /* Products */,
			);
			sourceTree = "<group>";
		};
		E5D81FF3166F8ABF0075A356 /* Products */ = {
			isa = PBXGroup;
			children = (
				E5D81FF2166F8ABF0075A356 /* GenericUSBXHCI.kext */,
			);
			name = Products;
			sourceTree = "<group>";
		};
		E5D81FF4166F8ABF0075A356 /* Frameworks */ = {
			isa = PBXGroup;
			children = (
				5B3C26001C1CE604008F5CB8 /* IOKit-10.9 */,
				E5D81FF5166F8ABF0075A356 /* Other Frameworks */,
			);
			name = Frameworks;
			sourceTree = "<group>";
		};
		E5D81FF5166F8ABF0075A356 /* Other Frameworks */ = {
			isa = PBXGroup;
			children = (
				E5D81FF6166F8ABF0075A356 /* Kernel.framework */,
			);
			name = "Other Frameworks";
			sourceTree = "<group>";
		};
		E5D81FF7166F8ABF0075A356 /* GenericUSBXHCI */ = {
			isa = PBXGroup;
			children = (
				5B2666BD1C1C6A92008F5CB8 /* Accessors.cpp */,
				5B2666BE1C1C6A92008F5CB8 /* Async.cpp */,
				5B2666BF1C1C6A92008F5CB8 /* Async.h */,
				5B2666C01C1C6A92008F5CB8 /* Command.cpp */,
				5B2666C11C1C6A92008F5CB8 /* Compatibility.cpp */,
				5B2666C21C1C6A92008F5CB8 /* Compatibility.h */,
				5B2666C31C1C6A92008F5CB8 /* Completer.cpp */,
				5B2666C41C1C6A92008F5CB8 /* Completer.h */,
				5B2666C51C1C6A92008F5CB8 /* Diagnostics.cpp */,
				5B2666C61C1C6A92008F5CB8 /* Endpoints.cpp */,
				5B2666C81C1C6A92008F5CB8 /* GenericUSBXHCI.cpp */,
				5B2666C91C1C6A92008F5CB8 /* GenericUSBXHCI.h */,
				5B2666CA1C1C6A92008F5CB8 /* GenericUSBXHCIEventSource.cpp */,
				5B2666CB1C1C6A92008F5CB8 /* GenericUSBXHCIUserClient.cpp */,
				5B2666CC1C1C6A92008F5CB8 /* GenericUSBXHCIUserClient.h */,
				5B2666CD1C1C6A92008F5CB8 /* Interrupts.cpp */,
				5B2666E41C1C6A92008F5CB8 /* Isoch.cpp */,
				5B2666E51C1C6A92008F5CB8 /* Isoch.h */,
				5B2666E61C1C6A92008F5CB8 /* Leaf_Methods.cpp */,
				5B2666E71C1C6A92008F5CB8 /* Private.h */,
				5B2666E81C1C6A92008F5CB8 /* PwrMgmt.cpp */,
				5B2666E91C1C6A92008F5CB8 /* Rings.cpp */,
				5B2666EA1C1C6A92008F5CB8 /* RootHub.cpp */,
				5B2666EB1C1C6A92008F5CB8 /* Slots.cpp */,
				5B2666EC1C1C6A92008F5CB8 /* Streams.cpp */,
				5B2666ED1C1C6A92008F5CB8 /* Transfers.cpp */,
				5B2666EE1C1C6A92008F5CB8 /* UnXHCI.cpp */,
				5B2666F21C1C6A92008F5CB8 /* V1Overrides.cpp */,
				5B2666F31C1C6A92008F5CB8 /* V1Pure.cpp */,
				5B2666F41C1C6A92008F5CB8 /* V2Overrides.cpp */,
				5B2666F51C1C6A92008F5CB8 /* V2Pure.cpp */,
				5B2666F61C1C6A92008F5CB8 /* V3Overrides.cpp */,
				5B2666F71C1C6A92008F5CB8 /* V3Pure.cpp */,
				5B2666FA1C1C6A92008F5CB8 /* XHCIRegs.h */,
				5B2666FB1C1C6A92008F5CB8 /* XHCITRB.h */,
				5B2666FC1C1C6A92008F5CB8 /* XHCITypes.h */,
				E5D81FF8166F8ABF0075A356 /* Supporting Files */,
			);
			path = GenericUSBXHCI;
			sourceTree = SOURCE_ROOT;
			wrapsLines = 0;
		};
		E5D81FF8166F8ABF0075A356 /* Supporting Files */ = {
			isa = PBXGroup;
			children = (
				E5D81FF9166F8ABF0075A356 /* GenericUSBXHCI-Info.plist */,
			);
			name = "Supporting Files";
			sourceTree = "<group>";
		};
/* End PBXGroup section */

/* Begin PBXHeadersBuildPhase section */
		E5D81FEE166F8ABF0075A356 /* Headers */ = {
			isa = PBXHeadersBuildPhase;
			buildActionMask = 2147483647;
			files = (
				5B26673A1C1C6A92008F5CB8 /* XHCIRegs.h in Headers */,
				5B2667041C1C6A92008F5CB8 /* Completer.h in Headers */,
				5B26673C1C1C6A92008F5CB8 /* XHCITypes.h in Headers */,
				5B2667091C1C6A92008F5CB8 /* GenericUSBXHCI.h in Headers */,
				5B2666FF1C1C6A92008F5CB8 /* Async.h in Headers */,
				5B2667021C1C6A92008F5CB8 /* Compatibility.h in Headers */,
				5B26670C1C1C6A92008F5CB8 /* GenericUSBXHCIUserClient.h in Headers */,
				5B2667251C1C6A92008F5CB8 /* Isoch.h in Headers */,
				5B26673B1C1C6A92008F5CB8 /* XHCITRB.h in Headers */,
				5B2667271C1C6A92008F5CB8 /* Private.h in Headers */,
			);
			runOnlyForDeploymentPostprocessing = 0;
		};
/* End PBXHeadersBuildPhase section */

/* Begin PBXNativeTarget section */
		E5D81FF1166F8ABF0075A356 /* GenericUSBXHCI */ = {
			isa = PBXNativeTarget;
			buildConfigurationList = E5D82003166F8ABF0075A356 /* Build configuration list for PBXNativeTarget "GenericUSBXHCI" */;
			buildPhases = (
				E5D81FEC166F8ABF0075A356 /* Sources */,
				E5D81FED166F8ABF0075A356 /* Frameworks */,
				E5D81FEE166F8ABF0075A356 /* Headers */,
				E5D81FEF166F8ABF0075A356 /* Resources */,
				E5D81FF0166F8ABF0075A356 /* Rez */,
			);
			buildRules = (
			);
			dependencies = (
			);
			name = GenericUSBXHCI;
			productName = GenericUSBXHCI;
			productReference = E5D81FF2166F8ABF0075A356 /* GenericUSBXHCI.kext */;
			productType = "com.apple.product-type.kernel-extension";
		};
/* End PBXNativeTarget section */

/* Begin PBXProject section */
		E5D81FE7166F8ABF0075A356 /* Project object */ = {
			isa = PBXProject;
			attributes = {
				LastUpgradeCheck = 0710;
			};
			buildConfigurationList = E5D81FEA166F8ABF0075A356 /* Build configuration list for PBXProject "GenericUSBXHCI" */;
			compatibilityVersion = "Xcode 3.2";
			developmentRegion = English;
			hasScannedForEncodings = 0;
			knownRegions = (
				en,
			);
			mainGroup = E5D81FE5166F8ABF0075A356;
			productRefGroup = E5D81FF3166F8ABF0075A356 /* Products */;
			projectDirPath = "";
			projectRoot = "";
			targets = (
				E5D81FF1166F8ABF0075A356 /* GenericUSBXHCI */,
			);
		};
/* End PBXProject section */

/* Begin PBXResourcesBuildPhase section */
		E5D81FEF166F8ABF0075A356 /* Resources */ = {
			isa = PBXResourcesBuildPhase;
			buildActionMask = 2147483647;
			files = (
				5B3C26011C1CE604008F5CB8 /* IOKit-10.9 in Resources */,
			);
			runOnlyForDeploymentPostprocessing = 0;
		};
/* End PBXResourcesBuildPhase section */

/* Begin PBXRezBuildPhase section */
		E5D81FF0166F8ABF0075A356 /* Rez */ = {
			isa = PBXRezBuildPhase;
			buildActionMask = 2147483647;
			files = (
			);
			runOnlyForDeploymentPostprocessing = 0;
		};
/* End PBXRezBuildPhase section */

/* Begin PBXSourcesBuildPhase section */
		E5D81FEC166F8ABF0075A356 /* Sources */ = {
			isa = PBXSourcesBuildPhase;
			buildActionMask = 2147483647;
			files = (
				5B26672D1C1C6A92008F5CB8 /* Transfers.cpp in Sources */,
				5B2667281C1C6A92008F5CB8 /* PwrMgmt.cpp in Sources */,
				5B2667241C1C6A92008F5CB8 /* Isoch.cpp in Sources */,
				5B26670B1C1C6A92008F5CB8 /* GenericUSBXHCIUserClient.cpp in Sources */,
				5B26672C1C1C6A92008F5CB8 /* Streams.cpp in Sources */,
				5B2667051C1C6A92008F5CB8 /* Diagnostics.cpp in Sources */,
				5B26672E1C1C6A92008F5CB8 /* UnXHCI.cpp in Sources */,
				5B26670D1C1C6A92008F5CB8 /* Interrupts.cpp in Sources */,
				5B2667331C1C6A92008F5CB8 /* V1Pure.cpp in Sources */,
				5B2667321C1C6A92008F5CB8 /* V1Overrides.cpp in Sources */,
				5B2667011C1C6A92008F5CB8 /* Compatibility.cpp in Sources */,
				5B2666FE1C1C6A92008F5CB8 /* Async.cpp in Sources */,
				5B2667001C1C6A92008F5CB8 /* Command.cpp in Sources */,
				5B2667291C1C6A92008F5CB8 /* Rings.cpp in Sources */,
				5B2666FD1C1C6A92008F5CB8 /* Accessors.cpp in Sources */,
				5B2667061C1C6A92008F5CB8 /* Endpoints.cpp in Sources */,
				5B2667081C1C6A92008F5CB8 /* GenericUSBXHCI.cpp in Sources */,
				5B2667031C1C6A92008F5CB8 /* Completer.cpp in Sources */,
				5B2667371C1C6A92008F5CB8 /* V3Pure.cpp in Sources */,
				5B2667341C1C6A92008F5CB8 /* V2Overrides.cpp in Sources */,
				5B26670A1C1C6A92008F5CB8 /* GenericUSBXHCIEventSource.cpp in Sources */,
				5B2667261C1C6A92008F5CB8 /* Leaf_Methods.cpp in Sources */,
				5B26672B1C1C6A92008F5CB8 /* Slots.cpp in Sources */,
				5B26672A1C1C6A92008F5CB8 /* RootHub.cpp in Sources */,
				5B2667361C1C6A92008F5CB8 /* V3Overrides.cpp in Sources */,
				5B2667351C1C6A92008F5CB8 /* V2Pure.cpp in Sources */,
			);
			runOnlyForDeploymentPostprocessing = 0;
		};
/* End PBXSourcesBuildPhase section */

/* Begin XCBuildConfiguration section */
		5B26663B1C1C6906008F5CB8 /* El Capitan */ = {
			isa = XCBuildConfiguration;
			buildSettings = {
				ALWAYS_SEARCH_USER_PATHS = NO;
				COMBINE_HIDPI_IMAGES = YES;
				COPYRIGHT_NOTICE = "Copyright © 2012-2014 Zenith432. All rights reserved.";
				CURRENT_PROJECT_VERSION = 1.3.0b1;
				DEPLOYMENT_POSTPROCESSING = YES;
				DYLIB_COMPATIBILITY_VERSION = 1.0.0;
				GCC_ENABLE_CPP_EXCEPTIONS = NO;
				GCC_ENABLE_CPP_RTTI = NO;
				"GCC_ENABLE_KERNEL_DEVELOPMENT[arch=x86_64]" = YES;
				GCC_ENABLE_OBJC_EXCEPTIONS = NO;
				GCC_GENERATE_DEBUGGING_SYMBOLS = NO;
				GCC_SYMBOLS_PRIVATE_EXTERN = YES;
				GCC_WARN_64_TO_32_BIT_CONVERSION = YES;
				GCC_WARN_ABOUT_RETURN_TYPE = YES;
				GCC_WARN_SIGN_COMPARE = YES;
				GCC_WARN_UNINITIALIZED_AUTOS = YES;
				GCC_WARN_UNUSED_VARIABLE = YES;
				"LLVM_LTO[arch=x86_64]" = YES;
				MACOSX_DEPLOYMENT_TARGET = 10.11;
				OTHER_CFLAGS = "-fno-stack-protector";
				OTHER_LDFLAGS = "-Wl,-no_source_version";
				"OTHER_LDFLAGS[arch=x86_64]" = "-dead_strip";
				SDKROOT = macosx10.11;
				STRIPFLAGS = "-no_uuid";
				STRIP_STYLE = "non-global";
			};
			name = "El Capitan";
		};
		5B26663C1C1C6906008F5CB8 /* El Capitan */ = {
			isa = XCBuildConfiguration;
			buildSettings = {
				INFOPLIST_FILE = "GenericUSBXHCI/GenericUSBXHCI-Info.plist";
				INFOPLIST_PREPROCESS = YES;
				MODULE_NAME = net.osx86.kexts.GenericUSBXHCI;
				MODULE_START = Startup;
				MODULE_VERSION = "$(CURRENT_PROJECT_VERSION)";
				PRODUCT_BUNDLE_IDENTIFIER = "net.osx86.kexts.${PRODUCT_NAME:rfc1034identifier}";
				PRODUCT_NAME = "$(TARGET_NAME)";
				WRAPPER_EXTENSION = kext;
			};
			name = "El Capitan";
		};
/* End XCBuildConfiguration section */

/* Begin XCConfigurationList section */
		E5D81FEA166F8ABF0075A356 /* Build configuration list for PBXProject "GenericUSBXHCI" */ = {
			isa = XCConfigurationList;
			buildConfigurations = (
				5B26663B1C1C6906008F5CB8 /* El Capitan */,
			);
			defaultConfigurationIsVisible = 0;
			defaultConfigurationName = "El Capitan";
		};
		E5D82003166F8ABF0075A356 /* Build configuration list for PBXNativeTarget "GenericUSBXHCI" */ = {
			isa = XCConfigurationList;
			buildConfigurations = (
				5B26663C1C1C6906008F5CB8 /* El Capitan */,
			);
			defaultConfigurationIsVisible = 0;
			defaultConfigurationName = "El Capitan";
		};
/* End XCConfigurationList section */
	};
	rootObject = E5D81FE7166F8ABF0075A356 /* Project object */;
}
